// !$*UTF8*$!
{
	archiveVersion = 1;
	classes = {
	};
	objectVersion = 46;
	objects = {

/* Begin PBXBuildFile section */
		2A2F6FF81E0804F800A4B6C2 /* libQt5Concurrent.a in Frameworks */ = {isa = PBXBuildFile; fileRef = 2A2F6FED1E0801B900A4B6C2 /* libQt5Concurrent.a */; };
		2A2F6FF91E0804F800A4B6C2 /* libQt5Core.a in Frameworks */ = {isa = PBXBuildFile; fileRef = 2A2F6FE51E0801B900A4B6C2 /* libQt5Core.a */; };
		2A2F6FFA1E0804F800A4B6C2 /* libQt5Gui.a in Frameworks */ = {isa = PBXBuildFile; fileRef = 2A2F6FE61E0801B900A4B6C2 /* libQt5Gui.a */; };
		2A2F6FFB1E0804F800A4B6C2 /* libQt5Network.a in Frameworks */ = {isa = PBXBuildFile; fileRef = 2A2F6FE71E0801B900A4B6C2 /* libQt5Network.a */; };
		2A2F6FFC1E0804F800A4B6C2 /* libQt5PlatformSupport.a in Frameworks */ = {isa = PBXBuildFile; fileRef = 2A2F6FEB1E0801B900A4B6C2 /* libQt5PlatformSupport.a */; };
		2A2F6FFD1E0804F800A4B6C2 /* libQt5Widgets.a in Frameworks */ = {isa = PBXBuildFile; fileRef = 2A2F6FE41E0801B900A4B6C2 /* libQt5Widgets.a */; };
		2A2F6FFE1E0804F800A4B6C2 /* libqtfreetype.a in Frameworks */ = {isa = PBXBuildFile; fileRef = 2A2F6FE81E0801B900A4B6C2 /* libqtfreetype.a */; };
		2A2F6FFF1E0804F800A4B6C2 /* libqtharfbuzzng.a in Frameworks */ = {isa = PBXBuildFile; fileRef = 2A2F6FE91E0801B900A4B6C2 /* libqtharfbuzzng.a */; };
		2A2F70001E0804F800A4B6C2 /* libqtpcre.a in Frameworks */ = {isa = PBXBuildFile; fileRef = 2A2F6FEA1E0801B900A4B6C2 /* libqtpcre.a */; };
		2A2F70011E0804F800A4B6C2 /* libqtpng.a in Frameworks */ = {isa = PBXBuildFile; fileRef = 2A2F6FEC1E0801B900A4B6C2 /* libqtpng.a */; };
		2A2F70041E08051A00A4B6C2 /* libQt5PrintSupport.a in Frameworks */ = {isa = PBXBuildFile; fileRef = 2A2F70021E0804F800A4B6C2 /* libQt5PrintSupport.a */; };
		2A2F70061E08094500A4B6C2 /* libcups.dylib in Frameworks */ = {isa = PBXBuildFile; fileRef = 2A2F70051E08094500A4B6C2 /* libcups.dylib */; };
		2A2F70081E080F7200A4B6C2 /* libz.dylib in Frameworks */ = {isa = PBXBuildFile; fileRef = 2A2F70071E080F7200A4B6C2 /* libz.dylib */; };
		2A2F700A1E080FEC00A4B6C2 /* libqcocoa.a in Frameworks */ = {isa = PBXBuildFile; fileRef = 2A2F70091E080FEC00A4B6C2 /* libqcocoa.a */; };
		2A2F700C1E08111E00A4B6C2 /* OpenGL.framework in Frameworks */ = {isa = PBXBuildFile; fileRef = 2A2F700B1E08111E00A4B6C2 /* OpenGL.framework */; };
		2A2F700E1E08113100A4B6C2 /* Carbon.framework in Frameworks */ = {isa = PBXBuildFile; fileRef = 2A2F700D1E08113100A4B6C2 /* Carbon.framework */; };
		2A2F70101E08116200A4B6C2 /* IOKit.framework in Frameworks */ = {isa = PBXBuildFile; fileRef = 2A2F700F1E08116200A4B6C2 /* IOKit.framework */; };
		2A3D0AA31E06D4FE00789D68 /* JamTaba.component in CopyFiles */ = {isa = PBXBuildFile; fileRef = 8D01CCD20486CAD60068D4B7 /* JamTaba.component */; };
		2A74D2261E072B9400BBF922 /* JamTaba.exp in Sources */ = {isa = PBXBuildFile; fileRef = 8BA05A670720730100365D66 /* JamTaba.exp */; };
		2AB5C82E1E076776007BD342 /* CocoaJamTabaView.bundle in CopyFiles */ = {isa = PBXBuildFile; fileRef = 8BA4AE4E073EB69000A2709A /* CocoaJamTabaView.bundle */; };
		6211E2B31891AA2900751AA3 /* ComponentBase.cpp in Sources */ = {isa = PBXBuildFile; fileRef = 6211E2B11891AA2900751AA3 /* ComponentBase.cpp */; };
		6211E2B41891AA2900751AA3 /* ComponentBase.h in Headers */ = {isa = PBXBuildFile; fileRef = 6211E2B21891AA2900751AA3 /* ComponentBase.h */; };
		621713DE1891A149005D69C7 /* AUBase.cpp in Sources */ = {isa = PBXBuildFile; fileRef = 621713AA1891A149005D69C7 /* AUBase.cpp */; };
		621713DF1891A149005D69C7 /* AUBase.h in Headers */ = {isa = PBXBuildFile; fileRef = 621713AB1891A149005D69C7 /* AUBase.h */; };
		621713E01891A149005D69C7 /* AUBaseHelper.cpp in Sources */ = {isa = PBXBuildFile; fileRef = 621713AC1891A149005D69C7 /* AUBaseHelper.cpp */; };
		621713E11891A149005D69C7 /* AUBaseHelper.h in Headers */ = {isa = PBXBuildFile; fileRef = 621713AD1891A149005D69C7 /* AUBaseHelper.h */; };
		621713E21891A149005D69C7 /* AUBuffer.cpp in Sources */ = {isa = PBXBuildFile; fileRef = 621713AE1891A149005D69C7 /* AUBuffer.cpp */; };
		621713E31891A149005D69C7 /* AUBuffer.h in Headers */ = {isa = PBXBuildFile; fileRef = 621713AF1891A149005D69C7 /* AUBuffer.h */; };
		621713E41891A149005D69C7 /* AUDispatch.cpp in Sources */ = {isa = PBXBuildFile; fileRef = 621713B01891A149005D69C7 /* AUDispatch.cpp */; };
		621713E51891A149005D69C7 /* AUDispatch.h in Headers */ = {isa = PBXBuildFile; fileRef = 621713B11891A149005D69C7 /* AUDispatch.h */; };
		621713E61891A149005D69C7 /* AUEffectBase.cpp in Sources */ = {isa = PBXBuildFile; fileRef = 621713B21891A149005D69C7 /* AUEffectBase.cpp */; };
		621713E71891A149005D69C7 /* AUEffectBase.h in Headers */ = {isa = PBXBuildFile; fileRef = 621713B31891A149005D69C7 /* AUEffectBase.h */; };
		621713E81891A149005D69C7 /* AUInputElement.cpp in Sources */ = {isa = PBXBuildFile; fileRef = 621713B41891A149005D69C7 /* AUInputElement.cpp */; };
		621713E91891A149005D69C7 /* AUInputElement.h in Headers */ = {isa = PBXBuildFile; fileRef = 621713B51891A149005D69C7 /* AUInputElement.h */; };
		621713EA1891A149005D69C7 /* AUOutputElement.cpp in Sources */ = {isa = PBXBuildFile; fileRef = 621713B61891A149005D69C7 /* AUOutputElement.cpp */; };
		621713EB1891A149005D69C7 /* AUOutputElement.h in Headers */ = {isa = PBXBuildFile; fileRef = 621713B71891A149005D69C7 /* AUOutputElement.h */; };
		621713EC1891A149005D69C7 /* AUPlugInDispatch.cpp in Sources */ = {isa = PBXBuildFile; fileRef = 621713B81891A149005D69C7 /* AUPlugInDispatch.cpp */; };
		621713ED1891A149005D69C7 /* AUPlugInDispatch.h in Headers */ = {isa = PBXBuildFile; fileRef = 621713B91891A149005D69C7 /* AUPlugInDispatch.h */; };
		621713EF1891A149005D69C7 /* AUScopeElement.cpp in Sources */ = {isa = PBXBuildFile; fileRef = 621713BB1891A149005D69C7 /* AUScopeElement.cpp */; };
		621713F01891A149005D69C7 /* AUScopeElement.h in Headers */ = {isa = PBXBuildFile; fileRef = 621713BC1891A149005D69C7 /* AUScopeElement.h */; };
		621713F11891A149005D69C7 /* AUSilentTimeout.h in Headers */ = {isa = PBXBuildFile; fileRef = 621713BD1891A149005D69C7 /* AUSilentTimeout.h */; };
		621713F21891A149005D69C7 /* CAAtomic.h in Headers */ = {isa = PBXBuildFile; fileRef = 621713BE1891A149005D69C7 /* CAAtomic.h */; };
		621713F31891A149005D69C7 /* CAAtomicStack.h in Headers */ = {isa = PBXBuildFile; fileRef = 621713BF1891A149005D69C7 /* CAAtomicStack.h */; };
		621713F41891A149005D69C7 /* CAAudioChannelLayout.cpp in Sources */ = {isa = PBXBuildFile; fileRef = 621713C01891A149005D69C7 /* CAAudioChannelLayout.cpp */; };
		621713F51891A149005D69C7 /* CAAudioChannelLayout.h in Headers */ = {isa = PBXBuildFile; fileRef = 621713C11891A149005D69C7 /* CAAudioChannelLayout.h */; };
		621713F61891A149005D69C7 /* CAAutoDisposer.h in Headers */ = {isa = PBXBuildFile; fileRef = 621713C21891A149005D69C7 /* CAAutoDisposer.h */; };
		621713F71891A149005D69C7 /* CABufferList.cpp in Sources */ = {isa = PBXBuildFile; fileRef = 621713C31891A149005D69C7 /* CABufferList.cpp */; };
		621713F81891A149005D69C7 /* CABufferList.h in Headers */ = {isa = PBXBuildFile; fileRef = 621713C41891A149005D69C7 /* CABufferList.h */; };
		621713F91891A149005D69C7 /* CAByteOrder.h in Headers */ = {isa = PBXBuildFile; fileRef = 621713C51891A149005D69C7 /* CAByteOrder.h */; };
		621713FA1891A149005D69C7 /* CADebugger.cpp in Sources */ = {isa = PBXBuildFile; fileRef = 621713C61891A149005D69C7 /* CADebugger.cpp */; };
		621713FB1891A149005D69C7 /* CADebugger.h in Headers */ = {isa = PBXBuildFile; fileRef = 621713C71891A149005D69C7 /* CADebugger.h */; };
		621713FC1891A149005D69C7 /* CADebugMacros.cpp in Sources */ = {isa = PBXBuildFile; fileRef = 621713C81891A149005D69C7 /* CADebugMacros.cpp */; };
		621713FD1891A149005D69C7 /* CADebugMacros.h in Headers */ = {isa = PBXBuildFile; fileRef = 621713C91891A149005D69C7 /* CADebugMacros.h */; };
		621713FE1891A149005D69C7 /* CADebugPrintf.cpp in Sources */ = {isa = PBXBuildFile; fileRef = 621713CA1891A149005D69C7 /* CADebugPrintf.cpp */; };
		621713FF1891A149005D69C7 /* CADebugPrintf.h in Headers */ = {isa = PBXBuildFile; fileRef = 621713CB1891A149005D69C7 /* CADebugPrintf.h */; };
		621714001891A149005D69C7 /* CAException.h in Headers */ = {isa = PBXBuildFile; fileRef = 621713CC1891A149005D69C7 /* CAException.h */; };
		621714011891A149005D69C7 /* CAGuard.cpp in Sources */ = {isa = PBXBuildFile; fileRef = 621713CD1891A149005D69C7 /* CAGuard.cpp */; };
		621714021891A149005D69C7 /* CAGuard.h in Headers */ = {isa = PBXBuildFile; fileRef = 621713CE1891A149005D69C7 /* CAGuard.h */; };
		621714031891A149005D69C7 /* CAHostTimeBase.cpp in Sources */ = {isa = PBXBuildFile; fileRef = 621713CF1891A149005D69C7 /* CAHostTimeBase.cpp */; };
		621714041891A149005D69C7 /* CAHostTimeBase.h in Headers */ = {isa = PBXBuildFile; fileRef = 621713D01891A149005D69C7 /* CAHostTimeBase.h */; };
		621714051891A149005D69C7 /* CALogMacros.h in Headers */ = {isa = PBXBuildFile; fileRef = 621713D11891A149005D69C7 /* CALogMacros.h */; };
		621714061891A149005D69C7 /* CAMath.h in Headers */ = {isa = PBXBuildFile; fileRef = 621713D21891A149005D69C7 /* CAMath.h */; };
		621714071891A149005D69C7 /* CAMutex.cpp in Sources */ = {isa = PBXBuildFile; fileRef = 621713D31891A149005D69C7 /* CAMutex.cpp */; };
		621714081891A149005D69C7 /* CAMutex.h in Headers */ = {isa = PBXBuildFile; fileRef = 621713D41891A149005D69C7 /* CAMutex.h */; };
		621714091891A149005D69C7 /* CAReferenceCounted.h in Headers */ = {isa = PBXBuildFile; fileRef = 621713D51891A149005D69C7 /* CAReferenceCounted.h */; };
		6217140A1891A149005D69C7 /* CAStreamBasicDescription.cpp in Sources */ = {isa = PBXBuildFile; fileRef = 621713D61891A149005D69C7 /* CAStreamBasicDescription.cpp */; };
		6217140B1891A149005D69C7 /* CAStreamBasicDescription.h in Headers */ = {isa = PBXBuildFile; fileRef = 621713D71891A149005D69C7 /* CAStreamBasicDescription.h */; };
		6217140C1891A149005D69C7 /* CAThreadSafeList.h in Headers */ = {isa = PBXBuildFile; fileRef = 621713D81891A149005D69C7 /* CAThreadSafeList.h */; };
		6217140D1891A149005D69C7 /* CAVectorUnit.cpp in Sources */ = {isa = PBXBuildFile; fileRef = 621713D91891A149005D69C7 /* CAVectorUnit.cpp */; };
		6217140E1891A149005D69C7 /* CAVectorUnit.h in Headers */ = {isa = PBXBuildFile; fileRef = 621713DA1891A149005D69C7 /* CAVectorUnit.h */; };
		6217140F1891A149005D69C7 /* CAVectorUnitTypes.h in Headers */ = {isa = PBXBuildFile; fileRef = 621713DB1891A149005D69C7 /* CAVectorUnitTypes.h */; };
		621714101891A149005D69C7 /* CAXException.cpp in Sources */ = {isa = PBXBuildFile; fileRef = 621713DC1891A149005D69C7 /* CAXException.cpp */; };
		621714111891A149005D69C7 /* CAXException.h in Headers */ = {isa = PBXBuildFile; fileRef = 621713DD1891A149005D69C7 /* CAXException.h */; };
		62B3B89F1891936500E507B7 /* JamTaba.r in Rez */ = {isa = PBXBuildFile; fileRef = 62B3B89E1891936500E507B7 /* JamTaba.r */; };
		8BA05A6B0720730100365D66 /* JamTaba.cpp in Sources */ = {isa = PBXBuildFile; fileRef = 8BA05A660720730100365D66 /* JamTaba.cpp */; };
		8BA05A6E0720730100365D66 /* JamTabaVersion.h in Headers */ = {isa = PBXBuildFile; fileRef = 8BA05A690720730100365D66 /* JamTabaVersion.h */; };
		8BA05AFC072074E100365D66 /* AudioToolbox.framework in Frameworks */ = {isa = PBXBuildFile; fileRef = 8BA05AF9072074E100365D66 /* AudioToolbox.framework */; };
		8BA05AFD072074E100365D66 /* AudioUnit.framework in Frameworks */ = {isa = PBXBuildFile; fileRef = 8BA05AFA072074E100365D66 /* AudioUnit.framework */; };
		8BA05B02072074F900365D66 /* CoreServices.framework in Frameworks */ = {isa = PBXBuildFile; fileRef = 8BA05B01072074F900365D66 /* CoreServices.framework */; };
		8BA4AE54073EB72300A2709A /* JamTaba_ViewFactory.h in Headers */ = {isa = PBXBuildFile; fileRef = 8BA4ADCE073EB19800A2709A /* JamTaba_ViewFactory.h */; };
		8BA4AE55073EB72300A2709A /* JamTaba_UIView.h in Headers */ = {isa = PBXBuildFile; fileRef = 8BA4ADD0073EB19800A2709A /* JamTaba_UIView.h */; };
		8BA4AE56073EB73300A2709A /* JamTaba_ViewFactory.mm in Sources */ = {isa = PBXBuildFile; fileRef = 8BA4ADCF073EB19800A2709A /* JamTaba_ViewFactory.mm */; };
		8BA4AE57073EB73300A2709A /* JamTaba_UIView.mm in Sources */ = {isa = PBXBuildFile; fileRef = 8BA4ADD1073EB19800A2709A /* JamTaba_UIView.mm */; };
		8BA4AE5C073EB79000A2709A /* Cocoa.framework in Frameworks */ = {isa = PBXBuildFile; fileRef = 8BA4AE5B073EB79000A2709A /* Cocoa.framework */; };
		8BA4AE5D073EB7C300A2709A /* Cocoa.framework in Frameworks */ = {isa = PBXBuildFile; fileRef = 8BA4AE5B073EB79000A2709A /* Cocoa.framework */; };
		8BA4AE5E073EB7C500A2709A /* AudioUnit.framework in Frameworks */ = {isa = PBXBuildFile; fileRef = 8BA05AFA072074E100365D66 /* AudioUnit.framework */; };
		8BA4AE5F073EB7C600A2709A /* AudioToolbox.framework in Frameworks */ = {isa = PBXBuildFile; fileRef = 8BA05AF9072074E100365D66 /* AudioToolbox.framework */; };
		8D01CCC80486CAD60068D4B7 /* JamTaba_Prefix.pch in Headers */ = {isa = PBXBuildFile; fileRef = 32BAE0B30371A71500C91783 /* JamTaba_Prefix.pch */; };
/* End PBXBuildFile section */

/* Begin PBXContainerItemProxy section */
		8B707175074BC40400FFC872 /* PBXContainerItemProxy */ = {
			isa = PBXContainerItemProxy;
			containerPortal = 089C1669FE841209C02AAC07 /* Project object */;
			proxyType = 1;
			remoteGlobalIDString = 8BA4AE4D073EB69000A2709A;
			remoteInfo = CocoaUI;
		};
/* End PBXContainerItemProxy section */

/* Begin PBXCopyFilesBuildPhase section */
		2A3D0AA21E06D4F800789D68 /* CopyFiles */ = {
			isa = PBXCopyFilesBuildPhase;
			buildActionMask = 2147483647;
			dstPath = "/Library/Audio/Plug-Ins/Components";
			dstSubfolderSpec = 0;
			files = (
				2A3D0AA31E06D4FE00789D68 /* JamTaba.component in CopyFiles */,
			);
			runOnlyForDeploymentPostprocessing = 0;
		};
		2AB5C82D1E07676E007BD342 /* CopyFiles */ = {
			isa = PBXCopyFilesBuildPhase;
			buildActionMask = 2147483647;
			dstPath = "";
			dstSubfolderSpec = 7;
			files = (
				2AB5C82E1E076776007BD342 /* CocoaJamTabaView.bundle in CopyFiles */,
			);
			runOnlyForDeploymentPostprocessing = 0;
		};
/* End PBXCopyFilesBuildPhase section */

/* Begin PBXFileReference section */
		089C167EFE841241C02AAC07 /* English */ = {isa = PBXFileReference; fileEncoding = 10; lastKnownFileType = text.plist.strings; name = English; path = English.lproj/InfoPlist.strings; sourceTree = "<group>"; };
		2A2F6FE41E0801B900A4B6C2 /* libQt5Widgets.a */ = {isa = PBXFileReference; lastKnownFileType = archive.ar; name = libQt5Widgets.a; path = "../../../../Downloads/qtbase-opensource-src-5.7.1/lib/libQt5Widgets.a"; sourceTree = "<group>"; };
		2A2F6FE51E0801B900A4B6C2 /* libQt5Core.a */ = {isa = PBXFileReference; lastKnownFileType = archive.ar; name = libQt5Core.a; path = "../../../../Downloads/qtbase-opensource-src-5.7.1/lib/libQt5Core.a"; sourceTree = "<group>"; };
		2A2F6FE61E0801B900A4B6C2 /* libQt5Gui.a */ = {isa = PBXFileReference; lastKnownFileType = archive.ar; name = libQt5Gui.a; path = "../../../../Downloads/qtbase-opensource-src-5.7.1/lib/libQt5Gui.a"; sourceTree = "<group>"; };
		2A2F6FE71E0801B900A4B6C2 /* libQt5Network.a */ = {isa = PBXFileReference; lastKnownFileType = archive.ar; name = libQt5Network.a; path = "../../../../Downloads/qtbase-opensource-src-5.7.1/lib/libQt5Network.a"; sourceTree = "<group>"; };
		2A2F6FE81E0801B900A4B6C2 /* libqtfreetype.a */ = {isa = PBXFileReference; lastKnownFileType = archive.ar; name = libqtfreetype.a; path = "../../../../Downloads/qtbase-opensource-src-5.7.1/lib/libqtfreetype.a"; sourceTree = "<group>"; };
		2A2F6FE91E0801B900A4B6C2 /* libqtharfbuzzng.a */ = {isa = PBXFileReference; lastKnownFileType = archive.ar; name = libqtharfbuzzng.a; path = "../../../../Downloads/qtbase-opensource-src-5.7.1/lib/libqtharfbuzzng.a"; sourceTree = "<group>"; };
		2A2F6FEA1E0801B900A4B6C2 /* libqtpcre.a */ = {isa = PBXFileReference; lastKnownFileType = archive.ar; name = libqtpcre.a; path = "../../../../Downloads/qtbase-opensource-src-5.7.1/lib/libqtpcre.a"; sourceTree = "<group>"; };
		2A2F6FEB1E0801B900A4B6C2 /* libQt5PlatformSupport.a */ = {isa = PBXFileReference; lastKnownFileType = archive.ar; name = libQt5PlatformSupport.a; path = "../../../../Downloads/qtbase-opensource-src-5.7.1/lib/libQt5PlatformSupport.a"; sourceTree = "<group>"; };
		2A2F6FEC1E0801B900A4B6C2 /* libqtpng.a */ = {isa = PBXFileReference; lastKnownFileType = archive.ar; name = libqtpng.a; path = "../../../../Downloads/qtbase-opensource-src-5.7.1/lib/libqtpng.a"; sourceTree = "<group>"; };
		2A2F6FED1E0801B900A4B6C2 /* libQt5Concurrent.a */ = {isa = PBXFileReference; lastKnownFileType = archive.ar; name = libQt5Concurrent.a; path = "../../../../Downloads/qtbase-opensource-src-5.7.1/lib/libQt5Concurrent.a"; sourceTree = "<group>"; };
		2A2F70021E0804F800A4B6C2 /* libQt5PrintSupport.a */ = {isa = PBXFileReference; lastKnownFileType = archive.ar; name = libQt5PrintSupport.a; path = "../../../../Downloads/qtbase-opensource-src-5.7.1/lib/libQt5PrintSupport.a"; sourceTree = "<group>"; };
		2A2F70051E08094500A4B6C2 /* libcups.dylib */ = {isa = PBXFileReference; lastKnownFileType = "compiled.mach-o.dylib"; name = libcups.dylib; path = usr/lib/libcups.dylib; sourceTree = SDKROOT; };
		2A2F70071E080F7200A4B6C2 /* libz.dylib */ = {isa = PBXFileReference; lastKnownFileType = "compiled.mach-o.dylib"; name = libz.dylib; path = usr/lib/libz.dylib; sourceTree = SDKROOT; };
		2A2F70091E080FEC00A4B6C2 /* libqcocoa.a */ = {isa = PBXFileReference; lastKnownFileType = archive.ar; name = libqcocoa.a; path = "../../../../Downloads/qtbase-opensource-src-5.7.1/plugins/platforms/libqcocoa.a"; sourceTree = "<group>"; };
		2A2F700B1E08111E00A4B6C2 /* OpenGL.framework */ = {isa = PBXFileReference; lastKnownFileType = wrapper.framework; name = OpenGL.framework; path = System/Library/Frameworks/OpenGL.framework; sourceTree = SDKROOT; };
		2A2F700D1E08113100A4B6C2 /* Carbon.framework */ = {isa = PBXFileReference; lastKnownFileType = wrapper.framework; name = Carbon.framework; path = System/Library/Frameworks/Carbon.framework; sourceTree = SDKROOT; };
		2A2F700F1E08116200A4B6C2 /* IOKit.framework */ = {isa = PBXFileReference; lastKnownFileType = wrapper.framework; name = IOKit.framework; path = System/Library/Frameworks/IOKit.framework; sourceTree = SDKROOT; };
		32BAE0B30371A71500C91783 /* JamTaba_Prefix.pch */ = {isa = PBXFileReference; fileEncoding = 4; lastKnownFileType = sourcecode.c.h; name = JamTaba_Prefix.pch; path = ../../src/Plugins/AU/AUSource/JamTaba_Prefix.pch; sourceTree = "<group>"; };
		6211E2B11891AA2900751AA3 /* ComponentBase.cpp */ = {isa = PBXFileReference; fileEncoding = 4; lastKnownFileType = sourcecode.cpp.cpp; name = ComponentBase.cpp; path = ../../src/Plugins/AU/AUPublic/AUBase/ComponentBase.cpp; sourceTree = SOURCE_ROOT; };
		6211E2B21891AA2900751AA3 /* ComponentBase.h */ = {isa = PBXFileReference; fileEncoding = 4; lastKnownFileType = sourcecode.c.h; name = ComponentBase.h; path = ../../src/Plugins/AU/AUPublic/AUBase/ComponentBase.h; sourceTree = SOURCE_ROOT; };
		621713AA1891A149005D69C7 /* AUBase.cpp */ = {isa = PBXFileReference; fileEncoding = 4; lastKnownFileType = sourcecode.cpp.cpp; name = AUBase.cpp; path = ../../src/Plugins/AU/AUPublic/AUBase/AUBase.cpp; sourceTree = SOURCE_ROOT; };
		621713AB1891A149005D69C7 /* AUBase.h */ = {isa = PBXFileReference; fileEncoding = 4; lastKnownFileType = sourcecode.c.h; name = AUBase.h; path = ../../src/Plugins/AU/AUPublic/AUBase/AUBase.h; sourceTree = SOURCE_ROOT; };
		621713AC1891A149005D69C7 /* AUBaseHelper.cpp */ = {isa = PBXFileReference; fileEncoding = 4; lastKnownFileType = sourcecode.cpp.cpp; name = AUBaseHelper.cpp; path = ../../src/Plugins/AU/AUPublic/Utility/AUBaseHelper.cpp; sourceTree = SOURCE_ROOT; };
		621713AD1891A149005D69C7 /* AUBaseHelper.h */ = {isa = PBXFileReference; fileEncoding = 4; lastKnownFileType = sourcecode.c.h; name = AUBaseHelper.h; path = ../../src/Plugins/AU/AUPublic/Utility/AUBaseHelper.h; sourceTree = SOURCE_ROOT; };
		621713AE1891A149005D69C7 /* AUBuffer.cpp */ = {isa = PBXFileReference; fileEncoding = 4; lastKnownFileType = sourcecode.cpp.cpp; name = AUBuffer.cpp; path = ../../src/Plugins/AU/AUPublic/Utility/AUBuffer.cpp; sourceTree = SOURCE_ROOT; };
		621713AF1891A149005D69C7 /* AUBuffer.h */ = {isa = PBXFileReference; fileEncoding = 4; lastKnownFileType = sourcecode.c.h; name = AUBuffer.h; path = ../../src/Plugins/AU/AUPublic/Utility/AUBuffer.h; sourceTree = SOURCE_ROOT; };
		621713B01891A149005D69C7 /* AUDispatch.cpp */ = {isa = PBXFileReference; fileEncoding = 4; lastKnownFileType = sourcecode.cpp.cpp; name = AUDispatch.cpp; path = ../../src/Plugins/AU/AUPublic/AUBase/AUDispatch.cpp; sourceTree = SOURCE_ROOT; };
		621713B11891A149005D69C7 /* AUDispatch.h */ = {isa = PBXFileReference; fileEncoding = 4; lastKnownFileType = sourcecode.c.h; name = AUDispatch.h; path = ../../src/Plugins/AU/AUPublic/AUBase/AUDispatch.h; sourceTree = SOURCE_ROOT; };
		621713B21891A149005D69C7 /* AUEffectBase.cpp */ = {isa = PBXFileReference; fileEncoding = 4; lastKnownFileType = sourcecode.cpp.cpp; name = AUEffectBase.cpp; path = ../../src/Plugins/AU/AUPublic/OtherBases/AUEffectBase.cpp; sourceTree = SOURCE_ROOT; };
		621713B31891A149005D69C7 /* AUEffectBase.h */ = {isa = PBXFileReference; fileEncoding = 4; lastKnownFileType = sourcecode.c.h; name = AUEffectBase.h; path = ../../src/Plugins/AU/AUPublic/OtherBases/AUEffectBase.h; sourceTree = SOURCE_ROOT; };
		621713B41891A149005D69C7 /* AUInputElement.cpp */ = {isa = PBXFileReference; fileEncoding = 4; lastKnownFileType = sourcecode.cpp.cpp; name = AUInputElement.cpp; path = ../../src/Plugins/AU/AUPublic/AUBase/AUInputElement.cpp; sourceTree = SOURCE_ROOT; };
		621713B51891A149005D69C7 /* AUInputElement.h */ = {isa = PBXFileReference; fileEncoding = 4; lastKnownFileType = sourcecode.c.h; name = AUInputElement.h; path = ../../src/Plugins/AU/AUPublic/AUBase/AUInputElement.h; sourceTree = SOURCE_ROOT; };
		621713B61891A149005D69C7 /* AUOutputElement.cpp */ = {isa = PBXFileReference; fileEncoding = 4; lastKnownFileType = sourcecode.cpp.cpp; name = AUOutputElement.cpp; path = ../../src/Plugins/AU/AUPublic/AUBase/AUOutputElement.cpp; sourceTree = SOURCE_ROOT; };
		621713B71891A149005D69C7 /* AUOutputElement.h */ = {isa = PBXFileReference; fileEncoding = 4; lastKnownFileType = sourcecode.c.h; name = AUOutputElement.h; path = ../../src/Plugins/AU/AUPublic/AUBase/AUOutputElement.h; sourceTree = SOURCE_ROOT; };
		621713B81891A149005D69C7 /* AUPlugInDispatch.cpp */ = {isa = PBXFileReference; fileEncoding = 4; lastKnownFileType = sourcecode.cpp.cpp; name = AUPlugInDispatch.cpp; path = ../../src/Plugins/AU/AUPublic/AUBase/AUPlugInDispatch.cpp; sourceTree = SOURCE_ROOT; };
		621713B91891A149005D69C7 /* AUPlugInDispatch.h */ = {isa = PBXFileReference; fileEncoding = 4; lastKnownFileType = sourcecode.c.h; name = AUPlugInDispatch.h; path = ../../src/Plugins/AU/AUPublic/AUBase/AUPlugInDispatch.h; sourceTree = SOURCE_ROOT; };
		621713BA1891A149005D69C7 /* AUResources.r */ = {isa = PBXFileReference; fileEncoding = 4; lastKnownFileType = sourcecode.rez; name = AUResources.r; path = ../../src/Plugins/AU/AUPublic/AUBase/AUResources.r; sourceTree = SOURCE_ROOT; };
		621713BB1891A149005D69C7 /* AUScopeElement.cpp */ = {isa = PBXFileReference; fileEncoding = 4; lastKnownFileType = sourcecode.cpp.cpp; name = AUScopeElement.cpp; path = ../../src/Plugins/AU/AUPublic/AUBase/AUScopeElement.cpp; sourceTree = SOURCE_ROOT; };
		621713BC1891A149005D69C7 /* AUScopeElement.h */ = {isa = PBXFileReference; fileEncoding = 4; lastKnownFileType = sourcecode.c.h; name = AUScopeElement.h; path = ../../src/Plugins/AU/AUPublic/AUBase/AUScopeElement.h; sourceTree = SOURCE_ROOT; };
		621713BD1891A149005D69C7 /* AUSilentTimeout.h */ = {isa = PBXFileReference; fileEncoding = 4; lastKnownFileType = sourcecode.c.h; name = AUSilentTimeout.h; path = ../../src/Plugins/AU/AUPublic/Utility/AUSilentTimeout.h; sourceTree = SOURCE_ROOT; };
		621713BE1891A149005D69C7 /* CAAtomic.h */ = {isa = PBXFileReference; fileEncoding = 4; lastKnownFileType = sourcecode.c.h; name = CAAtomic.h; path = ../../src/Plugins/AU/PublicUtility/CAAtomic.h; sourceTree = SOURCE_ROOT; };
		621713BF1891A149005D69C7 /* CAAtomicStack.h */ = {isa = PBXFileReference; fileEncoding = 4; lastKnownFileType = sourcecode.c.h; name = CAAtomicStack.h; path = ../../src/Plugins/AU/PublicUtility/CAAtomicStack.h; sourceTree = SOURCE_ROOT; };
		621713C01891A149005D69C7 /* CAAudioChannelLayout.cpp */ = {isa = PBXFileReference; fileEncoding = 4; lastKnownFileType = sourcecode.cpp.cpp; name = CAAudioChannelLayout.cpp; path = ../../src/Plugins/AU/PublicUtility/CAAudioChannelLayout.cpp; sourceTree = SOURCE_ROOT; };
		621713C11891A149005D69C7 /* CAAudioChannelLayout.h */ = {isa = PBXFileReference; fileEncoding = 4; lastKnownFileType = sourcecode.c.h; name = CAAudioChannelLayout.h; path = ../../src/Plugins/AU/PublicUtility/CAAudioChannelLayout.h; sourceTree = SOURCE_ROOT; };
		621713C21891A149005D69C7 /* CAAutoDisposer.h */ = {isa = PBXFileReference; fileEncoding = 4; lastKnownFileType = sourcecode.c.h; name = CAAutoDisposer.h; path = ../../src/Plugins/AU/PublicUtility/CAAutoDisposer.h; sourceTree = SOURCE_ROOT; };
		621713C31891A149005D69C7 /* CABufferList.cpp */ = {isa = PBXFileReference; fileEncoding = 4; lastKnownFileType = sourcecode.cpp.cpp; name = CABufferList.cpp; path = ../../src/Plugins/AU/PublicUtility/CABufferList.cpp; sourceTree = SOURCE_ROOT; };
		621713C41891A149005D69C7 /* CABufferList.h */ = {isa = PBXFileReference; fileEncoding = 4; lastKnownFileType = sourcecode.c.h; name = CABufferList.h; path = ../../src/Plugins/AU/PublicUtility/CABufferList.h; sourceTree = SOURCE_ROOT; };
		621713C51891A149005D69C7 /* CAByteOrder.h */ = {isa = PBXFileReference; fileEncoding = 4; lastKnownFileType = sourcecode.c.h; name = CAByteOrder.h; path = ../../src/Plugins/AU/PublicUtility/CAByteOrder.h; sourceTree = SOURCE_ROOT; };
		621713C61891A149005D69C7 /* CADebugger.cpp */ = {isa = PBXFileReference; fileEncoding = 4; lastKnownFileType = sourcecode.cpp.cpp; name = CADebugger.cpp; path = ../../src/Plugins/AU/PublicUtility/CADebugger.cpp; sourceTree = SOURCE_ROOT; };
		621713C71891A149005D69C7 /* CADebugger.h */ = {isa = PBXFileReference; fileEncoding = 4; lastKnownFileType = sourcecode.c.h; name = CADebugger.h; path = ../../src/Plugins/AU/PublicUtility/CADebugger.h; sourceTree = SOURCE_ROOT; };
		621713C81891A149005D69C7 /* CADebugMacros.cpp */ = {isa = PBXFileReference; fileEncoding = 4; lastKnownFileType = sourcecode.cpp.cpp; name = CADebugMacros.cpp; path = ../../src/Plugins/AU/PublicUtility/CADebugMacros.cpp; sourceTree = SOURCE_ROOT; };
		621713C91891A149005D69C7 /* CADebugMacros.h */ = {isa = PBXFileReference; fileEncoding = 4; lastKnownFileType = sourcecode.c.h; name = CADebugMacros.h; path = ../../src/Plugins/AU/PublicUtility/CADebugMacros.h; sourceTree = SOURCE_ROOT; };
		621713CA1891A149005D69C7 /* CADebugPrintf.cpp */ = {isa = PBXFileReference; fileEncoding = 4; lastKnownFileType = sourcecode.cpp.cpp; name = CADebugPrintf.cpp; path = ../../src/Plugins/AU/PublicUtility/CADebugPrintf.cpp; sourceTree = SOURCE_ROOT; };
		621713CB1891A149005D69C7 /* CADebugPrintf.h */ = {isa = PBXFileReference; fileEncoding = 4; lastKnownFileType = sourcecode.c.h; name = CADebugPrintf.h; path = ../../src/Plugins/AU/PublicUtility/CADebugPrintf.h; sourceTree = SOURCE_ROOT; };
		621713CC1891A149005D69C7 /* CAException.h */ = {isa = PBXFileReference; fileEncoding = 4; lastKnownFileType = sourcecode.c.h; name = CAException.h; path = ../../src/Plugins/AU/PublicUtility/CAException.h; sourceTree = SOURCE_ROOT; };
		621713CD1891A149005D69C7 /* CAGuard.cpp */ = {isa = PBXFileReference; fileEncoding = 4; lastKnownFileType = sourcecode.cpp.cpp; name = CAGuard.cpp; path = ../../src/Plugins/AU/PublicUtility/CAGuard.cpp; sourceTree = SOURCE_ROOT; };
		621713CE1891A149005D69C7 /* CAGuard.h */ = {isa = PBXFileReference; fileEncoding = 4; lastKnownFileType = sourcecode.c.h; name = CAGuard.h; path = ../../src/Plugins/AU/PublicUtility/CAGuard.h; sourceTree = SOURCE_ROOT; };
		621713CF1891A149005D69C7 /* CAHostTimeBase.cpp */ = {isa = PBXFileReference; fileEncoding = 4; lastKnownFileType = sourcecode.cpp.cpp; name = CAHostTimeBase.cpp; path = ../../src/Plugins/AU/PublicUtility/CAHostTimeBase.cpp; sourceTree = SOURCE_ROOT; };
		621713D01891A149005D69C7 /* CAHostTimeBase.h */ = {isa = PBXFileReference; fileEncoding = 4; lastKnownFileType = sourcecode.c.h; name = CAHostTimeBase.h; path = ../../src/Plugins/AU/PublicUtility/CAHostTimeBase.h; sourceTree = SOURCE_ROOT; };
		621713D11891A149005D69C7 /* CALogMacros.h */ = {isa = PBXFileReference; fileEncoding = 4; lastKnownFileType = sourcecode.c.h; name = CALogMacros.h; path = ../../src/Plugins/AU/PublicUtility/CALogMacros.h; sourceTree = SOURCE_ROOT; };
		621713D21891A149005D69C7 /* CAMath.h */ = {isa = PBXFileReference; fileEncoding = 4; lastKnownFileType = sourcecode.c.h; name = CAMath.h; path = ../../src/Plugins/AU/PublicUtility/CAMath.h; sourceTree = SOURCE_ROOT; };
		621713D31891A149005D69C7 /* CAMutex.cpp */ = {isa = PBXFileReference; fileEncoding = 4; lastKnownFileType = sourcecode.cpp.cpp; name = CAMutex.cpp; path = ../../src/Plugins/AU/PublicUtility/CAMutex.cpp; sourceTree = SOURCE_ROOT; };
		621713D41891A149005D69C7 /* CAMutex.h */ = {isa = PBXFileReference; fileEncoding = 4; lastKnownFileType = sourcecode.c.h; name = CAMutex.h; path = ../../src/Plugins/AU/PublicUtility/CAMutex.h; sourceTree = SOURCE_ROOT; };
		621713D51891A149005D69C7 /* CAReferenceCounted.h */ = {isa = PBXFileReference; fileEncoding = 4; lastKnownFileType = sourcecode.c.h; name = CAReferenceCounted.h; path = ../../src/Plugins/AU/PublicUtility/CAReferenceCounted.h; sourceTree = SOURCE_ROOT; };
		621713D61891A149005D69C7 /* CAStreamBasicDescription.cpp */ = {isa = PBXFileReference; fileEncoding = 4; lastKnownFileType = sourcecode.cpp.cpp; name = CAStreamBasicDescription.cpp; path = ../../src/Plugins/AU/PublicUtility/CAStreamBasicDescription.cpp; sourceTree = SOURCE_ROOT; };
		621713D71891A149005D69C7 /* CAStreamBasicDescription.h */ = {isa = PBXFileReference; fileEncoding = 4; lastKnownFileType = sourcecode.c.h; name = CAStreamBasicDescription.h; path = ../../src/Plugins/AU/PublicUtility/CAStreamBasicDescription.h; sourceTree = SOURCE_ROOT; };
		621713D81891A149005D69C7 /* CAThreadSafeList.h */ = {isa = PBXFileReference; fileEncoding = 4; lastKnownFileType = sourcecode.c.h; name = CAThreadSafeList.h; path = ../../src/Plugins/AU/PublicUtility/CAThreadSafeList.h; sourceTree = SOURCE_ROOT; };
		621713D91891A149005D69C7 /* CAVectorUnit.cpp */ = {isa = PBXFileReference; fileEncoding = 4; lastKnownFileType = sourcecode.cpp.cpp; name = CAVectorUnit.cpp; path = ../../src/Plugins/AU/PublicUtility/CAVectorUnit.cpp; sourceTree = SOURCE_ROOT; };
		621713DA1891A149005D69C7 /* CAVectorUnit.h */ = {isa = PBXFileReference; fileEncoding = 4; lastKnownFileType = sourcecode.c.h; name = CAVectorUnit.h; path = ../../src/Plugins/AU/PublicUtility/CAVectorUnit.h; sourceTree = SOURCE_ROOT; };
		621713DB1891A149005D69C7 /* CAVectorUnitTypes.h */ = {isa = PBXFileReference; fileEncoding = 4; lastKnownFileType = sourcecode.c.h; name = CAVectorUnitTypes.h; path = ../../src/Plugins/AU/PublicUtility/CAVectorUnitTypes.h; sourceTree = SOURCE_ROOT; };
		621713DC1891A149005D69C7 /* CAXException.cpp */ = {isa = PBXFileReference; fileEncoding = 4; lastKnownFileType = sourcecode.cpp.cpp; name = CAXException.cpp; path = ../../src/Plugins/AU/PublicUtility/CAXException.cpp; sourceTree = SOURCE_ROOT; };
		621713DD1891A149005D69C7 /* CAXException.h */ = {isa = PBXFileReference; fileEncoding = 4; lastKnownFileType = sourcecode.c.h; name = CAXException.h; path = ../../src/Plugins/AU/PublicUtility/CAXException.h; sourceTree = SOURCE_ROOT; };
		62B3B89C18918C4F00E507B7 /* PkgInfo */ = {isa = PBXFileReference; fileEncoding = 4; lastKnownFileType = text; path = PkgInfo; sourceTree = "<group>"; };
		62B3B89E1891936500E507B7 /* JamTaba.r */ = {isa = PBXFileReference; fileEncoding = 4; lastKnownFileType = sourcecode.rez; name = JamTaba.r; path = ../../src/Plugins/AU/AUSource/JamTaba.r; sourceTree = "<group>"; };
		8BA05A660720730100365D66 /* JamTaba.cpp */ = {isa = PBXFileReference; fileEncoding = 30; lastKnownFileType = sourcecode.cpp.cpp; name = JamTaba.cpp; path = ../../src/Plugins/AU/AUSource/JamTaba.cpp; sourceTree = "<group>"; };
		8BA05A670720730100365D66 /* JamTaba.exp */ = {isa = PBXFileReference; fileEncoding = 30; lastKnownFileType = sourcecode.exports; name = JamTaba.exp; path = ../../src/Plugins/AU/AUSource/JamTaba.exp; sourceTree = "<group>"; };
		8BA05A690720730100365D66 /* JamTabaVersion.h */ = {isa = PBXFileReference; fileEncoding = 30; lastKnownFileType = sourcecode.c.h; name = JamTabaVersion.h; path = ../../src/Plugins/AU/AUSource/JamTabaVersion.h; sourceTree = "<group>"; };
		8BA05AF9072074E100365D66 /* AudioToolbox.framework */ = {isa = PBXFileReference; lastKnownFileType = wrapper.framework; name = AudioToolbox.framework; path = /System/Library/Frameworks/AudioToolbox.framework; sourceTree = "<absolute>"; };
		8BA05AFA072074E100365D66 /* AudioUnit.framework */ = {isa = PBXFileReference; lastKnownFileType = wrapper.framework; name = AudioUnit.framework; path = /System/Library/Frameworks/AudioUnit.framework; sourceTree = "<absolute>"; };
		8BA05AFB072074E100365D66 /* CoreAudio.framework */ = {isa = PBXFileReference; lastKnownFileType = wrapper.framework; name = CoreAudio.framework; path = /System/Library/Frameworks/CoreAudio.framework; sourceTree = "<absolute>"; };
		8BA05B01072074F900365D66 /* CoreServices.framework */ = {isa = PBXFileReference; lastKnownFileType = wrapper.framework; name = CoreServices.framework; path = /System/Library/Frameworks/CoreServices.framework; sourceTree = "<absolute>"; };
		8BA4ADCE073EB19800A2709A /* JamTaba_ViewFactory.h */ = {isa = PBXFileReference; fileEncoding = 30; lastKnownFileType = sourcecode.c.h; name = JamTaba_ViewFactory.h; path = ../../src/Plugins/AU/CocoaUI/JamTaba_ViewFactory.h; sourceTree = "<group>"; };
		8BA4ADCF073EB19800A2709A /* JamTaba_ViewFactory.mm */ = {isa = PBXFileReference; fileEncoding = 30; lastKnownFileType = sourcecode.cpp.objcpp; name = JamTaba_ViewFactory.mm; path = ../../src/Plugins/AU/CocoaUI/JamTaba_ViewFactory.mm; sourceTree = "<group>"; };
		8BA4ADD0073EB19800A2709A /* JamTaba_UIView.h */ = {isa = PBXFileReference; fileEncoding = 30; lastKnownFileType = sourcecode.c.h; name = JamTaba_UIView.h; path = ../../src/Plugins/AU/CocoaUI/JamTaba_UIView.h; sourceTree = "<group>"; };
		8BA4ADD1073EB19800A2709A /* JamTaba_UIView.mm */ = {isa = PBXFileReference; fileEncoding = 30; lastKnownFileType = sourcecode.cpp.objcpp; name = JamTaba_UIView.mm; path = ../../src/Plugins/AU/CocoaUI/JamTaba_UIView.mm; sourceTree = "<group>"; };
		8BA4AE4E073EB69000A2709A /* CocoaJamTabaView.bundle */ = {isa = PBXFileReference; explicitFileType = wrapper.cfbundle; includeInIndex = 0; path = CocoaJamTabaView.bundle; sourceTree = BUILT_PRODUCTS_DIR; };
		8BA4AE4F073EB69000A2709A /* CocoaJamTabaView.plist */ = {isa = PBXFileReference; lastKnownFileType = text.plist.xml; path = CocoaJamTabaView.plist; sourceTree = "<group>"; };
		8BA4AE5B073EB79000A2709A /* Cocoa.framework */ = {isa = PBXFileReference; lastKnownFileType = wrapper.framework; name = Cocoa.framework; path = /System/Library/Frameworks/Cocoa.framework; sourceTree = "<absolute>"; };
		8D01CCD10486CAD60068D4B7 /* Info.plist */ = {isa = PBXFileReference; fileEncoding = 4; lastKnownFileType = text.plist; path = Info.plist; sourceTree = "<group>"; };
		8D01CCD20486CAD60068D4B7 /* JamTaba.component */ = {isa = PBXFileReference; explicitFileType = wrapper.cfbundle; includeInIndex = 0; path = JamTaba.component; sourceTree = BUILT_PRODUCTS_DIR; };
/* End PBXFileReference section */

/* Begin PBXFrameworksBuildPhase section */
		8BA4AE4C073EB69000A2709A /* Frameworks */ = {
			isa = PBXFrameworksBuildPhase;
			buildActionMask = 2147483647;
			files = (
				2A2F70101E08116200A4B6C2 /* IOKit.framework in Frameworks */,
				2A2F700E1E08113100A4B6C2 /* Carbon.framework in Frameworks */,
				2A2F700C1E08111E00A4B6C2 /* OpenGL.framework in Frameworks */,
				2A2F70081E080F7200A4B6C2 /* libz.dylib in Frameworks */,
				2A2F70061E08094500A4B6C2 /* libcups.dylib in Frameworks */,
				8BA4AE5D073EB7C300A2709A /* Cocoa.framework in Frameworks */,
				8BA4AE5E073EB7C500A2709A /* AudioUnit.framework in Frameworks */,
				8BA4AE5F073EB7C600A2709A /* AudioToolbox.framework in Frameworks */,
				2A2F6FF91E0804F800A4B6C2 /* libQt5Core.a in Frameworks */,
				2A2F6FFA1E0804F800A4B6C2 /* libQt5Gui.a in Frameworks */,
				2A2F6FFD1E0804F800A4B6C2 /* libQt5Widgets.a in Frameworks */,
				2A2F6FFB1E0804F800A4B6C2 /* libQt5Network.a in Frameworks */,
				2A2F700A1E080FEC00A4B6C2 /* libqcocoa.a in Frameworks */,
				2A2F6FFC1E0804F800A4B6C2 /* libQt5PlatformSupport.a in Frameworks */,
				2A2F6FFE1E0804F800A4B6C2 /* libqtfreetype.a in Frameworks */,
				2A2F6FFF1E0804F800A4B6C2 /* libqtharfbuzzng.a in Frameworks */,
				2A2F70001E0804F800A4B6C2 /* libqtpcre.a in Frameworks */,
				2A2F70011E0804F800A4B6C2 /* libqtpng.a in Frameworks */,
				2A2F70041E08051A00A4B6C2 /* libQt5PrintSupport.a in Frameworks */,
				2A2F6FF81E0804F800A4B6C2 /* libQt5Concurrent.a in Frameworks */,
			);
			runOnlyForDeploymentPostprocessing = 0;
		};
		8D01CCCD0486CAD60068D4B7 /* Frameworks */ = {
			isa = PBXFrameworksBuildPhase;
			buildActionMask = 2147483647;
			files = (
				8BA05AFC072074E100365D66 /* AudioToolbox.framework in Frameworks */,
				8BA05AFD072074E100365D66 /* AudioUnit.framework in Frameworks */,
				8BA05B02072074F900365D66 /* CoreServices.framework in Frameworks */,
				8BA4AE5C073EB79000A2709A /* Cocoa.framework in Frameworks */,
			);
			runOnlyForDeploymentPostprocessing = 0;
		};
/* End PBXFrameworksBuildPhase section */

/* Begin PBXGroup section */
		089C166AFE841209C02AAC07 /* FilterDemo */ = {
			isa = PBXGroup;
			children = (
				2A2F700F1E08116200A4B6C2 /* IOKit.framework */,
				2A2F700D1E08113100A4B6C2 /* Carbon.framework */,
				2A2F700B1E08111E00A4B6C2 /* OpenGL.framework */,
				2A2F70071E080F7200A4B6C2 /* libz.dylib */,
				2A2F70051E08094500A4B6C2 /* libcups.dylib */,
				08FB77ADFE841716C02AAC07 /* Source */,
				089C167CFE841241C02AAC07 /* Resources */,
				089C1671FE841209C02AAC07 /* External Frameworks and Libraries */,
				19C28FB4FE9D528D11CA2CBB /* Products */,
			);
			name = FilterDemo;
			sourceTree = "<group>";
		};
		089C1671FE841209C02AAC07 /* External Frameworks and Libraries */ = {
			isa = PBXGroup;
			children = (
				2A2F70091E080FEC00A4B6C2 /* libqcocoa.a */,
				2A2F70021E0804F800A4B6C2 /* libQt5PrintSupport.a */,
				2A2F6FE41E0801B900A4B6C2 /* libQt5Widgets.a */,
				2A2F6FE51E0801B900A4B6C2 /* libQt5Core.a */,
				2A2F6FE61E0801B900A4B6C2 /* libQt5Gui.a */,
				2A2F6FE71E0801B900A4B6C2 /* libQt5Network.a */,
				2A2F6FE81E0801B900A4B6C2 /* libqtfreetype.a */,
				2A2F6FE91E0801B900A4B6C2 /* libqtharfbuzzng.a */,
				2A2F6FEA1E0801B900A4B6C2 /* libqtpcre.a */,
				2A2F6FEB1E0801B900A4B6C2 /* libQt5PlatformSupport.a */,
				2A2F6FEC1E0801B900A4B6C2 /* libqtpng.a */,
				2A2F6FED1E0801B900A4B6C2 /* libQt5Concurrent.a */,
				8BA4AE5B073EB79000A2709A /* Cocoa.framework */,
				8BA05B01072074F900365D66 /* CoreServices.framework */,
				8BA05AF9072074E100365D66 /* AudioToolbox.framework */,
				8BA05AFA072074E100365D66 /* AudioUnit.framework */,
				8BA05AFB072074E100365D66 /* CoreAudio.framework */,
			);
			name = "External Frameworks and Libraries";
			sourceTree = "<group>";
		};
		089C167CFE841241C02AAC07 /* Resources */ = {
			isa = PBXGroup;
			children = (
				62B3B89C18918C4F00E507B7 /* PkgInfo */,
				8BA4AE4F073EB69000A2709A /* CocoaJamTabaView.plist */,
				8D01CCD10486CAD60068D4B7 /* Info.plist */,
				089C167DFE841241C02AAC07 /* InfoPlist.strings */,
			);
			name = Resources;
			sourceTree = SOURCE_ROOT;
		};
		08FB77ADFE841716C02AAC07 /* Source */ = {
			isa = PBXGroup;
			children = (
				8BA4ADCB073EB14C00A2709A /* CocoaUI */,
				8BA05A56072072A900365D66 /* AU Source */,
				62FEDF6A1891AEA9004C557F /* AUPublic */,
				62FEDF6B1891AED5004C557F /* PublicUtility */,
			);
			name = Source;
			sourceTree = SOURCE_ROOT;
		};
		19C28FB4FE9D528D11CA2CBB /* Products */ = {
			isa = PBXGroup;
			children = (
				8D01CCD20486CAD60068D4B7 /* JamTaba.component */,
				8BA4AE4E073EB69000A2709A /* CocoaJamTabaView.bundle */,
			);
			name = Products;
			sourceTree = "<group>";
		};
		62FEDF6A1891AEA9004C557F /* AUPublic */ = {
			isa = PBXGroup;
			children = (
				62FEDF6E1891B0AA004C557F /* AUBase */,
				62FEDF6D1891B01E004C557F /* Utility */,
				62FEDF6C1891AFC9004C557F /* OtherBases */,
			);
			name = AUPublic;
			path = Source/AUPublic;
			sourceTree = SOURCE_ROOT;
		};
		62FEDF6B1891AED5004C557F /* PublicUtility */ = {
			isa = PBXGroup;
			children = (
				621713BE1891A149005D69C7 /* CAAtomic.h */,
				621713BF1891A149005D69C7 /* CAAtomicStack.h */,
				621713C01891A149005D69C7 /* CAAudioChannelLayout.cpp */,
				621713C11891A149005D69C7 /* CAAudioChannelLayout.h */,
				621713C21891A149005D69C7 /* CAAutoDisposer.h */,
				621713C31891A149005D69C7 /* CABufferList.cpp */,
				621713C41891A149005D69C7 /* CABufferList.h */,
				621713C51891A149005D69C7 /* CAByteOrder.h */,
				621713C61891A149005D69C7 /* CADebugger.cpp */,
				621713C71891A149005D69C7 /* CADebugger.h */,
				621713C81891A149005D69C7 /* CADebugMacros.cpp */,
				621713C91891A149005D69C7 /* CADebugMacros.h */,
				621713CA1891A149005D69C7 /* CADebugPrintf.cpp */,
				621713CB1891A149005D69C7 /* CADebugPrintf.h */,
				621713CC1891A149005D69C7 /* CAException.h */,
				621713CD1891A149005D69C7 /* CAGuard.cpp */,
				621713CE1891A149005D69C7 /* CAGuard.h */,
				621713CF1891A149005D69C7 /* CAHostTimeBase.cpp */,
				621713D01891A149005D69C7 /* CAHostTimeBase.h */,
				621713D11891A149005D69C7 /* CALogMacros.h */,
				621713D21891A149005D69C7 /* CAMath.h */,
				621713D31891A149005D69C7 /* CAMutex.cpp */,
				621713D41891A149005D69C7 /* CAMutex.h */,
				621713D51891A149005D69C7 /* CAReferenceCounted.h */,
				621713D61891A149005D69C7 /* CAStreamBasicDescription.cpp */,
				621713D71891A149005D69C7 /* CAStreamBasicDescription.h */,
				621713D81891A149005D69C7 /* CAThreadSafeList.h */,
				621713D91891A149005D69C7 /* CAVectorUnit.cpp */,
				621713DA1891A149005D69C7 /* CAVectorUnit.h */,
				621713DB1891A149005D69C7 /* CAVectorUnitTypes.h */,
				621713DC1891A149005D69C7 /* CAXException.cpp */,
				621713DD1891A149005D69C7 /* CAXException.h */,
			);
			name = PublicUtility;
			path = Source/PublicUtility;
			sourceTree = SOURCE_ROOT;
		};
		62FEDF6C1891AFC9004C557F /* OtherBases */ = {
			isa = PBXGroup;
			children = (
				621713B21891A149005D69C7 /* AUEffectBase.cpp */,
				621713B31891A149005D69C7 /* AUEffectBase.h */,
			);
			name = OtherBases;
			path = ../../src/Plugins/AU/AUPublic/OtherBases;
			sourceTree = SOURCE_ROOT;
		};
		62FEDF6D1891B01E004C557F /* Utility */ = {
			isa = PBXGroup;
			children = (
				621713AC1891A149005D69C7 /* AUBaseHelper.cpp */,
				621713AD1891A149005D69C7 /* AUBaseHelper.h */,
				621713AE1891A149005D69C7 /* AUBuffer.cpp */,
				621713AF1891A149005D69C7 /* AUBuffer.h */,
				621713BD1891A149005D69C7 /* AUSilentTimeout.h */,
			);
			name = Utility;
			path = ../../src/Plugins/AU/AUPublic/Utility;
			sourceTree = SOURCE_ROOT;
		};
		62FEDF6E1891B0AA004C557F /* AUBase */ = {
			isa = PBXGroup;
			children = (
				621713AA1891A149005D69C7 /* AUBase.cpp */,
				621713AB1891A149005D69C7 /* AUBase.h */,
				621713B01891A149005D69C7 /* AUDispatch.cpp */,
				621713B11891A149005D69C7 /* AUDispatch.h */,
				621713B41891A149005D69C7 /* AUInputElement.cpp */,
				621713B51891A149005D69C7 /* AUInputElement.h */,
				621713B61891A149005D69C7 /* AUOutputElement.cpp */,
				621713B71891A149005D69C7 /* AUOutputElement.h */,
				621713B81891A149005D69C7 /* AUPlugInDispatch.cpp */,
				621713B91891A149005D69C7 /* AUPlugInDispatch.h */,
				621713BA1891A149005D69C7 /* AUResources.r */,
				621713BB1891A149005D69C7 /* AUScopeElement.cpp */,
				621713BC1891A149005D69C7 /* AUScopeElement.h */,
				6211E2B11891AA2900751AA3 /* ComponentBase.cpp */,
				6211E2B21891AA2900751AA3 /* ComponentBase.h */,
			);
			name = AUBase;
			path = ../../src/Plugins/AU/AUPublic/AUBase;
			sourceTree = SOURCE_ROOT;
		};
		8BA05A56072072A900365D66 /* AU Source */ = {
			isa = PBXGroup;
			children = (
				32BAE0B30371A71500C91783 /* JamTaba_Prefix.pch */,
				62B3B89E1891936500E507B7 /* JamTaba.r */,
				8BA05A660720730100365D66 /* JamTaba.cpp */,
				8BA05A670720730100365D66 /* JamTaba.exp */,
				8BA05A690720730100365D66 /* JamTabaVersion.h */,
			);
			name = "AU Source";
			sourceTree = SOURCE_ROOT;
		};
		8BA4ADCB073EB14C00A2709A /* CocoaUI */ = {
			isa = PBXGroup;
			children = (
				8BA4ADCE073EB19800A2709A /* JamTaba_ViewFactory.h */,
				8BA4ADCF073EB19800A2709A /* JamTaba_ViewFactory.mm */,
				8BA4ADD0073EB19800A2709A /* JamTaba_UIView.h */,
				8BA4ADD1073EB19800A2709A /* JamTaba_UIView.mm */,
			);
			name = CocoaUI;
			sourceTree = SOURCE_ROOT;
		};
/* End PBXGroup section */

/* Begin PBXHeadersBuildPhase section */
		8BA4AE52073EB70000A2709A /* Headers */ = {
			isa = PBXHeadersBuildPhase;
			buildActionMask = 2147483647;
			files = (
				8BA4AE54073EB72300A2709A /* JamTaba_ViewFactory.h in Headers */,
				8BA4AE55073EB72300A2709A /* JamTaba_UIView.h in Headers */,
			);
			runOnlyForDeploymentPostprocessing = 0;
		};
		8D01CCC70486CAD60068D4B7 /* Headers */ = {
			isa = PBXHeadersBuildPhase;
			buildActionMask = 2147483647;
			files = (
				8D01CCC80486CAD60068D4B7 /* JamTaba_Prefix.pch in Headers */,
				8BA05A6E0720730100365D66 /* JamTabaVersion.h in Headers */,
				621713DF1891A149005D69C7 /* AUBase.h in Headers */,
				621713E11891A149005D69C7 /* AUBaseHelper.h in Headers */,
				621713E31891A149005D69C7 /* AUBuffer.h in Headers */,
				621713E51891A149005D69C7 /* AUDispatch.h in Headers */,
				621713E71891A149005D69C7 /* AUEffectBase.h in Headers */,
				621713E91891A149005D69C7 /* AUInputElement.h in Headers */,
				621713ED1891A149005D69C7 /* AUPlugInDispatch.h in Headers */,
				621713EB1891A149005D69C7 /* AUOutputElement.h in Headers */,
				621713F11891A149005D69C7 /* AUSilentTimeout.h in Headers */,
				621713F21891A149005D69C7 /* CAAtomic.h in Headers */,
				621713F31891A149005D69C7 /* CAAtomicStack.h in Headers */,
				621713F51891A149005D69C7 /* CAAudioChannelLayout.h in Headers */,
				621713F61891A149005D69C7 /* CAAutoDisposer.h in Headers */,
				621713F81891A149005D69C7 /* CABufferList.h in Headers */,
				621713F91891A149005D69C7 /* CAByteOrder.h in Headers */,
				621713FB1891A149005D69C7 /* CADebugger.h in Headers */,
				621713FD1891A149005D69C7 /* CADebugMacros.h in Headers */,
				621713FF1891A149005D69C7 /* CADebugPrintf.h in Headers */,
				621714001891A149005D69C7 /* CAException.h in Headers */,
				621714021891A149005D69C7 /* CAGuard.h in Headers */,
				621714041891A149005D69C7 /* CAHostTimeBase.h in Headers */,
				621714051891A149005D69C7 /* CALogMacros.h in Headers */,
				621714061891A149005D69C7 /* CAMath.h in Headers */,
				621714081891A149005D69C7 /* CAMutex.h in Headers */,
				621714091891A149005D69C7 /* CAReferenceCounted.h in Headers */,
				6217140B1891A149005D69C7 /* CAStreamBasicDescription.h in Headers */,
				6211E2B41891AA2900751AA3 /* ComponentBase.h in Headers */,
				6217140C1891A149005D69C7 /* CAThreadSafeList.h in Headers */,
				6217140E1891A149005D69C7 /* CAVectorUnit.h in Headers */,
				6217140F1891A149005D69C7 /* CAVectorUnitTypes.h in Headers */,
				621714111891A149005D69C7 /* CAXException.h in Headers */,
				621713F01891A149005D69C7 /* AUScopeElement.h in Headers */,
			);
			runOnlyForDeploymentPostprocessing = 0;
		};
/* End PBXHeadersBuildPhase section */

/* Begin PBXNativeTarget section */
		8BA4AE4D073EB69000A2709A /* CocoaUI */ = {
			isa = PBXNativeTarget;
			buildConfigurationList = 3EED0941089806170095A620 /* Build configuration list for PBXNativeTarget "CocoaUI" */;
			buildPhases = (
				8BA4AE52073EB70000A2709A /* Headers */,
				8BA4AE4A073EB69000A2709A /* Resources */,
				8BA4AE4B073EB69000A2709A /* Sources */,
				8BA4AE4C073EB69000A2709A /* Frameworks */,
			);
			buildRules = (
			);
			dependencies = (
			);
			name = CocoaUI;
			productName = CocoaUI;
			productReference = 8BA4AE4E073EB69000A2709A /* CocoaJamTabaView.bundle */;
			productType = "com.apple.product-type.bundle";
		};
		8D01CCC60486CAD60068D4B7 /* JamTaba */ = {
			isa = PBXNativeTarget;
			buildConfigurationList = 3EED0945089806170095A620 /* Build configuration list for PBXNativeTarget "JamTaba" */;
			buildPhases = (
				8D01CCC70486CAD60068D4B7 /* Headers */,
				8D01CCC90486CAD60068D4B7 /* Resources */,
				8D01CCCB0486CAD60068D4B7 /* Sources */,
				8D01CCCD0486CAD60068D4B7 /* Frameworks */,
				8D01CCCF0486CAD60068D4B7 /* Rez */,
				2A3D0AA21E06D4F800789D68 /* CopyFiles */,
				2AB5C82D1E07676E007BD342 /* CopyFiles */,
			);
			buildRules = (
			);
			dependencies = (
				8B707176074BC40400FFC872 /* PBXTargetDependency */,
			);
			name = JamTaba;
			productInstallPath = "$(HOME)/Library/Bundles";
			productName = FilterDemo;
			productReference = 8D01CCD20486CAD60068D4B7 /* JamTaba.component */;
			productType = "com.apple.product-type.bundle";
		};
/* End PBXNativeTarget section */

/* Begin PBXProject section */
		089C1669FE841209C02AAC07 /* Project object */ = {
			isa = PBXProject;
			attributes = {
				LastUpgradeCheck = 0510;
			};
			buildConfigurationList = 3EED0949089806170095A620 /* Build configuration list for PBXProject "JamTaba" */;
			compatibilityVersion = "Xcode 3.2";
			developmentRegion = English;
			hasScannedForEncodings = 1;
			knownRegions = (
				en,
			);
			mainGroup = 089C166AFE841209C02AAC07 /* FilterDemo */;
			projectDirPath = "";
			projectRoot = "";
			targets = (
				8D01CCC60486CAD60068D4B7 /* JamTaba */,
				8BA4AE4D073EB69000A2709A /* CocoaUI */,
			);
		};
/* End PBXProject section */

/* Begin PBXResourcesBuildPhase section */
		8BA4AE4A073EB69000A2709A /* Resources */ = {
			isa = PBXResourcesBuildPhase;
			buildActionMask = 2147483647;
			files = (
			);
			runOnlyForDeploymentPostprocessing = 0;
		};
		8D01CCC90486CAD60068D4B7 /* Resources */ = {
			isa = PBXResourcesBuildPhase;
			buildActionMask = 2147483647;
			files = (
			);
			runOnlyForDeploymentPostprocessing = 0;
		};
/* End PBXResourcesBuildPhase section */

/* Begin PBXRezBuildPhase section */
		8D01CCCF0486CAD60068D4B7 /* Rez */ = {
			isa = PBXRezBuildPhase;
			buildActionMask = 2147483647;
			files = (
				62B3B89F1891936500E507B7 /* JamTaba.r in Rez */,
			);
			runOnlyForDeploymentPostprocessing = 0;
		};
/* End PBXRezBuildPhase section */

/* Begin PBXSourcesBuildPhase section */
		8BA4AE4B073EB69000A2709A /* Sources */ = {
			isa = PBXSourcesBuildPhase;
			buildActionMask = 2147483647;
			files = (
				8BA4AE56073EB73300A2709A /* JamTaba_ViewFactory.mm in Sources */,
				8BA4AE57073EB73300A2709A /* JamTaba_UIView.mm in Sources */,
			);
			runOnlyForDeploymentPostprocessing = 0;
		};
		8D01CCCB0486CAD60068D4B7 /* Sources */ = {
			isa = PBXSourcesBuildPhase;
			buildActionMask = 2147483647;
			files = (
				621713E01891A149005D69C7 /* AUBaseHelper.cpp in Sources */,
				621713EC1891A149005D69C7 /* AUPlugInDispatch.cpp in Sources */,
				621713E81891A149005D69C7 /* AUInputElement.cpp in Sources */,
				621714011891A149005D69C7 /* CAGuard.cpp in Sources */,
				621713E21891A149005D69C7 /* AUBuffer.cpp in Sources */,
				621713FA1891A149005D69C7 /* CADebugger.cpp in Sources */,
				6211E2B31891AA2900751AA3 /* ComponentBase.cpp in Sources */,
				2A74D2261E072B9400BBF922 /* JamTaba.exp in Sources */,
				621713DE1891A149005D69C7 /* AUBase.cpp in Sources */,
				621713FE1891A149005D69C7 /* CADebugPrintf.cpp in Sources */,
				621713EF1891A149005D69C7 /* AUScopeElement.cpp in Sources */,
				621713E41891A149005D69C7 /* AUDispatch.cpp in Sources */,
				621713F71891A149005D69C7 /* CABufferList.cpp in Sources */,
				621714031891A149005D69C7 /* CAHostTimeBase.cpp in Sources */,
				621714101891A149005D69C7 /* CAXException.cpp in Sources */,
				6217140D1891A149005D69C7 /* CAVectorUnit.cpp in Sources */,
				6217140A1891A149005D69C7 /* CAStreamBasicDescription.cpp in Sources */,
				621713EA1891A149005D69C7 /* AUOutputElement.cpp in Sources */,
				8BA05A6B0720730100365D66 /* JamTaba.cpp in Sources */,
				621713E61891A149005D69C7 /* AUEffectBase.cpp in Sources */,
				621714071891A149005D69C7 /* CAMutex.cpp in Sources */,
				621713FC1891A149005D69C7 /* CADebugMacros.cpp in Sources */,
				621713F41891A149005D69C7 /* CAAudioChannelLayout.cpp in Sources */,
			);
			runOnlyForDeploymentPostprocessing = 0;
		};
/* End PBXSourcesBuildPhase section */

/* Begin PBXTargetDependency section */
		8B707176074BC40400FFC872 /* PBXTargetDependency */ = {
			isa = PBXTargetDependency;
			target = 8BA4AE4D073EB69000A2709A /* CocoaUI */;
			targetProxy = 8B707175074BC40400FFC872 /* PBXContainerItemProxy */;
		};
/* End PBXTargetDependency section */

/* Begin PBXVariantGroup section */
		089C167DFE841241C02AAC07 /* InfoPlist.strings */ = {
			isa = PBXVariantGroup;
			children = (
				089C167EFE841241C02AAC07 /* English */,
			);
			name = InfoPlist.strings;
			sourceTree = "<group>";
		};
/* End PBXVariantGroup section */

/* Begin XCBuildConfiguration section */
		3EED0942089806170095A620 /* Development */ = {
			isa = XCBuildConfiguration;
			buildSettings = {
				CLANG_CXX_LANGUAGE_STANDARD = "c++0x";
				CLANG_CXX_LIBRARY = "libc++";
				COMBINE_HIDPI_IMAGES = YES;
				COPY_PHASE_STRIP = NO;
				DEBUGGING_SYMBOLS = YES;
				FRAMEWORK_SEARCH_PATHS = "/Users/elieser/Qt/5.7/clang_64/lib/**";
				GCC_DYNAMIC_NO_PIC = NO;
				GCC_GENERATE_DEBUGGING_SYMBOLS = YES;
				GCC_OPTIMIZATION_LEVEL = 0;
				GCC_PRECOMPILE_PREFIX_HEADER = YES;
				GCC_PREFIX_HEADER = "$(SYSTEM_LIBRARY_DIR)/Frameworks/AppKit.framework/Headers/AppKit.h";
				HEADER_SEARCH_PATHS = (
					"$(inherited)",
					/Applications/Xcode.app/Contents/Developer/Toolchains/XcodeDefault.xctoolchain/usr/include,
					/Applications/Xcode.app/Contents/Developer/Platforms/MacOSX.platform/Developer/SDKs/MacOSX10.9.sdk/usr/include,
					/Applications/Xcode.app/Contents/Developer/Extras,
					"/Downloads/qtbase-opensource-src-5.7.1/include/**",
					"/Users/elieser/Qt/5.7/clang_64/lib/QtWidgets.framework/Headers/**",
					/Users/elieser/Qt/5.7/clang_64/lib/QtGui.framework/Headers,
					"/Users/elieser/Qt/5.7/clang_64/lib/QtCore.framework/Headers/**",
				);
				INFOPLIST_FILE = CocoaJamTabaView.plist;
				INSTALL_PATH = "$(USER_LIBRARY_DIR)/Bundles";
				LIBRARY_SEARCH_PATHS = (
					"$(inherited)",
					"/Users/elieser/Downloads/qtbase-opensource-src-5.7.1/lib/**",
					"/Users/elieser/Downloads/qtbase-opensource-src-5.7.1/lib/**",
					"/Users/elieser/Downloads/qtbase-opensource-src-5.7.1/plugins/platforms/**",
				);
				OTHER_CFLAGS = "";
				OTHER_LDFLAGS = (
					"-framework",
					Foundation,
					"-framework",
					AppKit,
				);
				OTHER_REZFLAGS = "";
				PRODUCT_NAME = CocoaJamTabaView;
				SECTORDER_FLAGS = "";
				USER_HEADER_SEARCH_PATHS = "";
				WARNING_CFLAGS = (
					"-Wmost",
					"-Wno-four-char-constants",
					"-Wno-unknown-pragmas",
				);
				ZERO_LINK = YES;
			};
			name = Development;
		};
		3EED0943089806170095A620 /* Deployment */ = {
			isa = XCBuildConfiguration;
			buildSettings = {
				CLANG_CXX_LANGUAGE_STANDARD = "c++0x";
				CLANG_CXX_LIBRARY = "libc++";
				COMBINE_HIDPI_IMAGES = YES;
				COPY_PHASE_STRIP = YES;
				FRAMEWORK_SEARCH_PATHS = "/Users/elieser/Qt/5.7/clang_64/lib/**";
				GCC_PRECOMPILE_PREFIX_HEADER = YES;
				GCC_PREFIX_HEADER = "$(SYSTEM_LIBRARY_DIR)/Frameworks/AppKit.framework/Headers/AppKit.h";
				HEADER_SEARCH_PATHS = (
					"$(inherited)",
					/Applications/Xcode.app/Contents/Developer/Toolchains/XcodeDefault.xctoolchain/usr/include,
					/Applications/Xcode.app/Contents/Developer/Platforms/MacOSX.platform/Developer/SDKs/MacOSX10.9.sdk/usr/include,
					/Applications/Xcode.app/Contents/Developer/Extras,
					"/Downloads/qtbase-opensource-src-5.7.1/include/**",
					"/Users/elieser/Qt/5.7/clang_64/lib/QtWidgets.framework/Headers/**",
					/Users/elieser/Qt/5.7/clang_64/lib/QtGui.framework/Headers,
					"/Users/elieser/Qt/5.7/clang_64/lib/QtCore.framework/Headers/**",
				);
				INFOPLIST_FILE = CocoaJamTabaView.plist;
				INSTALL_PATH = "$(USER_LIBRARY_DIR)/Bundles";
				LIBRARY_SEARCH_PATHS = (
					"$(inherited)",
					"/Users/elieser/Downloads/qtbase-opensource-src-5.7.1/lib/**",
					"/Users/elieser/Downloads/qtbase-opensource-src-5.7.1/lib/**",
					"/Users/elieser/Downloads/qtbase-opensource-src-5.7.1/plugins/platforms/**",
				);
				OTHER_CFLAGS = "";
				OTHER_LDFLAGS = (
					"-framework",
					Foundation,
					"-framework",
					AppKit,
				);
				OTHER_REZFLAGS = "";
				PRODUCT_NAME = CocoaJamTabaView;
				SECTORDER_FLAGS = "";
				USER_HEADER_SEARCH_PATHS = "";
				WARNING_CFLAGS = (
					"-Wmost",
					"-Wno-four-char-constants",
					"-Wno-unknown-pragmas",
				);
				ZERO_LINK = NO;
			};
			name = Deployment;
		};
		3EED0944089806170095A620 /* Default */ = {
			isa = XCBuildConfiguration;
			buildSettings = {
				CLANG_CXX_LANGUAGE_STANDARD = "c++0x";
				CLANG_CXX_LIBRARY = "libc++";
				COMBINE_HIDPI_IMAGES = YES;
				FRAMEWORK_SEARCH_PATHS = "/Users/elieser/Qt/5.7/clang_64/lib/**";
				GCC_PRECOMPILE_PREFIX_HEADER = YES;
				GCC_PREFIX_HEADER = "$(SYSTEM_LIBRARY_DIR)/Frameworks/AppKit.framework/Headers/AppKit.h";
				HEADER_SEARCH_PATHS = (
					"$(inherited)",
					/Applications/Xcode.app/Contents/Developer/Toolchains/XcodeDefault.xctoolchain/usr/include,
					/Applications/Xcode.app/Contents/Developer/Platforms/MacOSX.platform/Developer/SDKs/MacOSX10.9.sdk/usr/include,
					/Applications/Xcode.app/Contents/Developer/Extras,
					"/Downloads/qtbase-opensource-src-5.7.1/include/**",
					"/Users/elieser/Qt/5.7/clang_64/lib/QtWidgets.framework/Headers/**",
					/Users/elieser/Qt/5.7/clang_64/lib/QtGui.framework/Headers,
					"/Users/elieser/Qt/5.7/clang_64/lib/QtCore.framework/Headers/**",
				);
				INFOPLIST_FILE = CocoaJamTabaView.plist;
				INSTALL_PATH = "$(USER_LIBRARY_DIR)/Bundles";
				LIBRARY_SEARCH_PATHS = (
					"$(inherited)",
					"/Users/elieser/Downloads/qtbase-opensource-src-5.7.1/lib/**",
					"/Users/elieser/Downloads/qtbase-opensource-src-5.7.1/lib/**",
					"/Users/elieser/Downloads/qtbase-opensource-src-5.7.1/plugins/platforms/**",
				);
				OTHER_CFLAGS = "";
				OTHER_LDFLAGS = (
					"-framework",
					Foundation,
					"-framework",
					AppKit,
				);
				OTHER_REZFLAGS = "";
				PRODUCT_NAME = CocoaJamTabaView;
				SECTORDER_FLAGS = "";
				USER_HEADER_SEARCH_PATHS = "";
				WARNING_CFLAGS = (
					"-Wmost",
					"-Wno-four-char-constants",
					"-Wno-unknown-pragmas",
				);
			};
			name = Default;
		};
		3EED0946089806170095A620 /* Development */ = {
			isa = XCBuildConfiguration;
			buildSettings = {
				COMBINE_HIDPI_IMAGES = YES;
				DEBUGGING_SYMBOLS = YES;
				EXPORTED_SYMBOLS_FILE = ../../src/Plugins/AU/AUSource/JamTaba.exp;
				GCC_OPTIMIZATION_LEVEL = 0;
				GCC_PRECOMPILE_PREFIX_HEADER = YES;
				GCC_PREFIX_HEADER = ../../src/Plugins/AU/AUSource/JamTaba_Prefix.pch;
				GCC_PREPROCESSOR_DEFINITIONS = "";
				GENERATE_PKGINFO_FILE = YES;
				INFOPLIST_FILE = Info.plist;
				INSTALL_PATH = "$(HOME)/Library/Audio/Plug-Ins/Components/";
				LIBRARY_SEARCH_PATHS = "$(inherited)";
				LIBRARY_STYLE = Bundle;
				MACOSX_DEPLOYMENT_TARGET = 10.7;
				OTHER_LDFLAGS = "-bundle";
				OTHER_REZFLAGS = "-d i386_$i386 -d x86_64_$x86_64 -I /Applications/Xcode.app/Contents/Developer/Platforms/MacOSX.platform/Developer/SDKs/MacOSX10.9.sdk/System/Library/Frameworks/CoreServices.framework/Versions/A/Frameworks/CarbonCore.framework/Versions/A/Headers -I /Applications/Xcode.app/Contents/Developer/Platforms/MacOSX.platform/Developer/Extras/CoreAudio/AudioUnits/AUPublic/AUBase";
				PRODUCT_NAME = JamTaba;
				REZ_SEARCH_PATHS = "";
				WARNING_CFLAGS = (
					"-Wmost",
					"-Wno-four-char-constants",
					"-Wno-unknown-pragmas",
				);
				WRAPPER_EXTENSION = component;
			};
			name = Development;
		};
		3EED0947089806170095A620 /* Deployment */ = {
			isa = XCBuildConfiguration;
			buildSettings = {
				COMBINE_HIDPI_IMAGES = YES;
				EXPORTED_SYMBOLS_FILE = ../../src/Plugins/AU/AUSource/JamTaba.exp;
				GCC_PRECOMPILE_PREFIX_HEADER = YES;
				GCC_PREFIX_HEADER = ../../src/Plugins/AU/AUSource/JamTaba_Prefix.pch;
				GCC_PREPROCESSOR_DEFINITIONS = "";
				GENERATE_PKGINFO_FILE = YES;
				INFOPLIST_FILE = Info.plist;
				INSTALL_PATH = "$(HOME)/Library/Audio/Plug-Ins/Components/";
				LIBRARY_SEARCH_PATHS = "$(inherited)";
				LIBRARY_STYLE = Bundle;
				MACOSX_DEPLOYMENT_TARGET = 10.7;
				OTHER_LDFLAGS = "-bundle";
				OTHER_REZFLAGS = "-d i386_$i386 -d x86_64_$x86_64 -I /Applications/Xcode.app/Contents/Developer/Platforms/MacOSX.platform/Developer/SDKs/MacOSX10.9.sdk/System/Library/Frameworks/CoreServices.framework/Versions/A/Frameworks/CarbonCore.framework/Versions/A/Headers -I /Applications/Xcode.app/Contents/Developer/Platforms/MacOSX.platform/Developer/Extras/CoreAudio/AudioUnits/AUPublic/AUBase";
				PRODUCT_NAME = JamTaba;
				REZ_SEARCH_PATHS = "";
				WARNING_CFLAGS = (
					"-Wmost",
					"-Wno-four-char-constants",
					"-Wno-unknown-pragmas",
				);
				WRAPPER_EXTENSION = component;
			};
			name = Deployment;
		};
		3EED0948089806170095A620 /* Default */ = {
			isa = XCBuildConfiguration;
			buildSettings = {
				COMBINE_HIDPI_IMAGES = YES;
				EXPORTED_SYMBOLS_FILE = ../../src/Plugins/AU/AUSource/JamTaba.exp;
				GCC_PRECOMPILE_PREFIX_HEADER = YES;
				GCC_PREFIX_HEADER = ../../src/Plugins/AU/AUSource/JamTaba_Prefix.pch;
				GCC_PREPROCESSOR_DEFINITIONS = "";
				GENERATE_PKGINFO_FILE = YES;
				INFOPLIST_FILE = Info.plist;
				INSTALL_PATH = "$(HOME)/Library/Audio/Plug-Ins/Components/";
				LIBRARY_SEARCH_PATHS = "$(inherited)";
				LIBRARY_STYLE = Bundle;
				MACOSX_DEPLOYMENT_TARGET = 10.7;
				OTHER_LDFLAGS = "-bundle";
				OTHER_REZFLAGS = "-d i386_$i386 -d x86_64_$x86_64 -I /Applications/Xcode.app/Contents/Developer/Platforms/MacOSX.platform/Developer/SDKs/MacOSX10.9.sdk/System/Library/Frameworks/CoreServices.framework/Versions/A/Frameworks/CarbonCore.framework/Versions/A/Headers -I /Applications/Xcode.app/Contents/Developer/Platforms/MacOSX.platform/Developer/Extras/CoreAudio/AudioUnits/AUPublic/AUBase";
				PRODUCT_NAME = JamTaba;
				REZ_SEARCH_PATHS = "";
				WARNING_CFLAGS = (
					"-Wmost",
					"-Wno-four-char-constants",
					"-Wno-unknown-pragmas",
				);
				WRAPPER_EXTENSION = component;
			};
			name = Default;
		};
		3EED094A089806170095A620 /* Development */ = {
			isa = XCBuildConfiguration;
			buildSettings = {
				ALWAYS_SEARCH_USER_PATHS = NO;
				ARCHS = "$(ARCHS_STANDARD)";
				COPY_PHASE_STRIP = NO;
				EXPORTED_SYMBOLS_FILE = "";
				FRAMEWORK_SEARCH_PATHS = "";
				HEADER_SEARCH_PATHS = (
					"$(inherited)",
					/Applications/Xcode.app/Contents/Developer/Toolchains/XcodeDefault.xctoolchain/usr/include,
					/Applications/Xcode.app/Contents/Developer/Platforms/MacOSX.platform/Developer/SDKs/MacOSX10.9.sdk/usr/include,
					/Applications/Xcode.app/Contents/Developer/Extras,
				);
				LIBRARY_SEARCH_PATHS = "";
				MACOSX_DEPLOYMENT_TARGET = "";
				OSACOMPILE_EXECUTE_ONLY = YES;
				REZ_SEARCH_PATHS = "";
				SDKROOT = macosx;
				STRIP_INSTALLED_PRODUCT = NO;
			};
			name = Development;
		};
		3EED094B089806170095A620 /* Deployment */ = {
			isa = XCBuildConfiguration;
			buildSettings = {
				ALWAYS_SEARCH_USER_PATHS = NO;
				ARCHS = "$(ARCHS_STANDARD)";
				COPY_PHASE_STRIP = NO;
				EXPORTED_SYMBOLS_FILE = "";
				FRAMEWORK_SEARCH_PATHS = "";
				HEADER_SEARCH_PATHS = (
					"$(inherited)",
					/Applications/Xcode.app/Contents/Developer/Toolchains/XcodeDefault.xctoolchain/usr/include,
					/Applications/Xcode.app/Contents/Developer/Platforms/MacOSX.platform/Developer/SDKs/MacOSX10.9.sdk/usr/include,
					/Applications/Xcode.app/Contents/Developer/Extras,
				);
				LIBRARY_SEARCH_PATHS = "";
				MACOSX_DEPLOYMENT_TARGET = "";
				OSACOMPILE_EXECUTE_ONLY = YES;
				REZ_SEARCH_PATHS = "";
				SDKROOT = macosx;
				STRIP_INSTALLED_PRODUCT = NO;
			};
			name = Deployment;
		};
		3EED094C089806170095A620 /* Default */ = {
			isa = XCBuildConfiguration;
			buildSettings = {
				ALWAYS_SEARCH_USER_PATHS = NO;
				ARCHS = "$(ARCHS_STANDARD)";
				COPY_PHASE_STRIP = NO;
				EXPORTED_SYMBOLS_FILE = "";
				FRAMEWORK_SEARCH_PATHS = "";
				HEADER_SEARCH_PATHS = (
					"$(inherited)",
					/Applications/Xcode.app/Contents/Developer/Toolchains/XcodeDefault.xctoolchain/usr/include,
					/Applications/Xcode.app/Contents/Developer/Platforms/MacOSX.platform/Developer/SDKs/MacOSX10.9.sdk/usr/include,
					/Applications/Xcode.app/Contents/Developer/Extras,
				);
				LIBRARY_SEARCH_PATHS = "";
				MACOSX_DEPLOYMENT_TARGET = "";
				OSACOMPILE_EXECUTE_ONLY = YES;
				REZ_SEARCH_PATHS = "";
				SDKROOT = macosx;
				STRIP_INSTALLED_PRODUCT = NO;
			};
			name = Default;
		};
/* End XCBuildConfiguration section */

/* Begin XCConfigurationList section */
		3EED0941089806170095A620 /* Build configuration list for PBXNativeTarget "CocoaUI" */ = {
			isa = XCConfigurationList;
			buildConfigurations = (
				3EED0942089806170095A620 /* Development */,
				3EED0943089806170095A620 /* Deployment */,
				3EED0944089806170095A620 /* Default */,
			);
			defaultConfigurationIsVisible = 0;
			defaultConfigurationName = Default;
		};
		3EED0945089806170095A620 /* Build configuration list for PBXNativeTarget "JamTaba" */ = {
			isa = XCConfigurationList;
			buildConfigurations = (
				3EED0946089806170095A620 /* Development */,
				3EED0947089806170095A620 /* Deployment */,
				3EED0948089806170095A620 /* Default */,
			);
			defaultConfigurationIsVisible = 0;
			defaultConfigurationName = Default;
		};
		3EED0949089806170095A620 /* Build configuration list for PBXProject "JamTaba" */ = {
			isa = XCConfigurationList;
			buildConfigurations = (
				3EED094A089806170095A620 /* Development */,
				3EED094B089806170095A620 /* Deployment */,
				3EED094C089806170095A620 /* Default */,
			);
			defaultConfigurationIsVisible = 0;
			defaultConfigurationName = Default;
		};
/* End XCConfigurationList section */
	};
	rootObject = 089C1669FE841209C02AAC07 /* Project object */;
}
